// !$*UTF8*$!
{
	archiveVersion = 1;
	classes = {
	};
	objectVersion = 56;
	objects = {

/* Begin PBXBuildFile section */
		3BBD450E2B89DDAB004A445C /* ShootingLicenseExamApp.swift in Sources */ = {isa = PBXBuildFile; fileRef = 3BBD450D2B89DDAB004A445C /* ShootingLicenseExamApp.swift */; };
		3BBD45102B89DDAB004A445C /* ContentView.swift in Sources */ = {isa = PBXBuildFile; fileRef = 3BBD450F2B89DDAB004A445C /* ContentView.swift */; };
		3BBD45122B89DDAC004A445C /* Assets.xcassets in Resources */ = {isa = PBXBuildFile; fileRef = 3BBD45112B89DDAC004A445C /* Assets.xcassets */; };
		3BBD45152B89DDAC004A445C /* Preview Assets.xcassets in Resources */ = {isa = PBXBuildFile; fileRef = 3BBD45142B89DDAC004A445C /* Preview Assets.xcassets */; };
		3BF46C2D2B8A11A200E853C8 /* ExamModel.swift in Sources */ = {isa = PBXBuildFile; fileRef = 3BF46C2C2B8A11A200E853C8 /* ExamModel.swift */; };
		3BF46C2F2B8A11A700E853C8 /* QuestionModel.swift in Sources */ = {isa = PBXBuildFile; fileRef = 3BF46C2E2B8A11A700E853C8 /* QuestionModel.swift */; };
		3BF46C312B8A11AD00E853C8 /* UserAnswerModel.swift in Sources */ = {isa = PBXBuildFile; fileRef = 3BF46C302B8A11AD00E853C8 /* UserAnswerModel.swift */; };
		3BF46C342B8A11BE00E853C8 /* ExamView.swift in Sources */ = {isa = PBXBuildFile; fileRef = 3BF46C322B8A11BE00E853C8 /* ExamView.swift */; };
		3BF46C372B8A11C800E853C8 /* ExamViewModel.swift in Sources */ = {isa = PBXBuildFile; fileRef = 3BF46C362B8A11C800E853C8 /* ExamViewModel.swift */; };
		3BF46C392B8A11F800E853C8 /* data.tsv in Resources */ = {isa = PBXBuildFile; fileRef = 3BF46C382B8A11F800E853C8 /* data.tsv */; };
		3BF46C3C2B8A1AF000E853C8 /* ResultView.swift in Sources */ = {isa = PBXBuildFile; fileRef = 3BF46C3B2B8A1AF000E853C8 /* ResultView.swift */; };
		3BF46C3E2B8A1B1900E853C8 /* ResultViewModel.swift in Sources */ = {isa = PBXBuildFile; fileRef = 3BF46C3D2B8A1B1900E853C8 /* ResultViewModel.swift */; };
		3BF46C402B8A239D00E853C8 /* ResultModel.swift in Sources */ = {isa = PBXBuildFile; fileRef = 3BF46C3F2B8A239D00E853C8 /* ResultModel.swift */; };
		3BF46C462B8A5DFF00E853C8 /* DetailResultView.swift in Sources */ = {isa = PBXBuildFile; fileRef = 3BF46C452B8A5DFF00E853C8 /* DetailResultView.swift */; };
/* End PBXBuildFile section */

/* Begin PBXFileReference section */
		3BBD450A2B89DDAB004A445C /* ShootingLicenseExam.app */ = {isa = PBXFileReference; explicitFileType = wrapper.application; includeInIndex = 0; path = ShootingLicenseExam.app; sourceTree = BUILT_PRODUCTS_DIR; };
		3BBD450D2B89DDAB004A445C /* ShootingLicenseExamApp.swift */ = {isa = PBXFileReference; lastKnownFileType = sourcecode.swift; path = ShootingLicenseExamApp.swift; sourceTree = "<group>"; };
		3BBD450F2B89DDAB004A445C /* ContentView.swift */ = {isa = PBXFileReference; lastKnownFileType = sourcecode.swift; path = ContentView.swift; sourceTree = "<group>"; };
		3BBD45112B89DDAC004A445C /* Assets.xcassets */ = {isa = PBXFileReference; lastKnownFileType = folder.assetcatalog; path = Assets.xcassets; sourceTree = "<group>"; };
		3BBD45142B89DDAC004A445C /* Preview Assets.xcassets */ = {isa = PBXFileReference; lastKnownFileType = folder.assetcatalog; path = "Preview Assets.xcassets"; sourceTree = "<group>"; };
		3BF46C2C2B8A11A200E853C8 /* ExamModel.swift */ = {isa = PBXFileReference; fileEncoding = 4; lastKnownFileType = sourcecode.swift; path = ExamModel.swift; sourceTree = "<group>"; };
		3BF46C2E2B8A11A700E853C8 /* QuestionModel.swift */ = {isa = PBXFileReference; fileEncoding = 4; lastKnownFileType = sourcecode.swift; path = QuestionModel.swift; sourceTree = "<group>"; };
		3BF46C302B8A11AD00E853C8 /* UserAnswerModel.swift */ = {isa = PBXFileReference; fileEncoding = 4; lastKnownFileType = sourcecode.swift; path = UserAnswerModel.swift; sourceTree = "<group>"; };
		3BF46C322B8A11BE00E853C8 /* ExamView.swift */ = {isa = PBXFileReference; fileEncoding = 4; lastKnownFileType = sourcecode.swift; path = ExamView.swift; sourceTree = "<group>"; };
		3BF46C362B8A11C800E853C8 /* ExamViewModel.swift */ = {isa = PBXFileReference; fileEncoding = 4; lastKnownFileType = sourcecode.swift; path = ExamViewModel.swift; sourceTree = "<group>"; };
		3BF46C382B8A11F800E853C8 /* data.tsv */ = {isa = PBXFileReference; fileEncoding = 4; lastKnownFileType = text; path = data.tsv; sourceTree = "<group>"; };
		3BF46C3A2B8A12D200E853C8 /* Info.plist */ = {isa = PBXFileReference; lastKnownFileType = text.plist; path = Info.plist; sourceTree = "<group>"; };
		3BF46C3B2B8A1AF000E853C8 /* ResultView.swift */ = {isa = PBXFileReference; lastKnownFileType = sourcecode.swift; path = ResultView.swift; sourceTree = "<group>"; };
		3BF46C3D2B8A1B1900E853C8 /* ResultViewModel.swift */ = {isa = PBXFileReference; lastKnownFileType = sourcecode.swift; path = ResultViewModel.swift; sourceTree = "<group>"; };
		3BF46C3F2B8A239D00E853C8 /* ResultModel.swift */ = {isa = PBXFileReference; lastKnownFileType = sourcecode.swift; path = ResultModel.swift; sourceTree = "<group>"; };
		3BF46C452B8A5DFF00E853C8 /* DetailResultView.swift */ = {isa = PBXFileReference; lastKnownFileType = sourcecode.swift; path = DetailResultView.swift; sourceTree = "<group>"; };
/* End PBXFileReference section */

/* Begin PBXFrameworksBuildPhase section */
		3BBD45072B89DDAB004A445C /* Frameworks */ = {
			isa = PBXFrameworksBuildPhase;
			buildActionMask = 2147483647;
			files = (
			);
			runOnlyForDeploymentPostprocessing = 0;
		};
/* End PBXFrameworksBuildPhase section */

/* Begin PBXGroup section */
		3BBD45012B89DDAA004A445C = {
			isa = PBXGroup;
			children = (
				3BBD450C2B89DDAB004A445C /* ShootingLicenseExam */,
				3BBD450B2B89DDAB004A445C /* Products */,
			);
			sourceTree = "<group>";
		};
		3BBD450B2B89DDAB004A445C /* Products */ = {
			isa = PBXGroup;
			children = (
				3BBD450A2B89DDAB004A445C /* ShootingLicenseExam.app */,
			);
			name = Products;
			sourceTree = "<group>";
		};
		3BBD450C2B89DDAB004A445C /* ShootingLicenseExam */ = {
			isa = PBXGroup;
			children = (
				3BF46C3A2B8A12D200E853C8 /* Info.plist */,
				3BBD450D2B89DDAB004A445C /* ShootingLicenseExamApp.swift */,
				3BF46C2A2B8A115C00E853C8 /* Modle */,
				3BF46C292B8A115A00E853C8 /* View */,
				3BF46C2B2B8A115E00E853C8 /* ViewModel */,
				3BBD45112B89DDAC004A445C /* Assets.xcassets */,
				3BF46C382B8A11F800E853C8 /* data.tsv */,
				3BBD45132B89DDAC004A445C /* Preview Content */,
			);
			path = ShootingLicenseExam;
			sourceTree = "<group>";
		};
		3BBD45132B89DDAC004A445C /* Preview Content */ = {
			isa = PBXGroup;
			children = (
				3BBD45142B89DDAC004A445C /* Preview Assets.xcassets */,
			);
			path = "Preview Content";
			sourceTree = "<group>";
		};
		3BF46C292B8A115A00E853C8 /* View */ = {
			isa = PBXGroup;
			children = (
				3BF46C322B8A11BE00E853C8 /* ExamView.swift */,
				3BBD450F2B89DDAB004A445C /* ContentView.swift */,
				3BF46C3B2B8A1AF000E853C8 /* ResultView.swift */,
				3BF46C452B8A5DFF00E853C8 /* DetailResultView.swift */,
			);
			path = View;
			sourceTree = "<group>";
		};
		3BF46C2A2B8A115C00E853C8 /* Modle */ = {
			isa = PBXGroup;
			children = (
				3BF46C2C2B8A11A200E853C8 /* ExamModel.swift */,
				3BF46C2E2B8A11A700E853C8 /* QuestionModel.swift */,
				3BF46C302B8A11AD00E853C8 /* UserAnswerModel.swift */,
				3BF46C3F2B8A239D00E853C8 /* ResultModel.swift */,
			);
			path = Modle;
			sourceTree = "<group>";
		};
		3BF46C2B2B8A115E00E853C8 /* ViewModel */ = {
			isa = PBXGroup;
			children = (
				3BF46C362B8A11C800E853C8 /* ExamViewModel.swift */,
				3BF46C3D2B8A1B1900E853C8 /* ResultViewModel.swift */,
			);
			path = ViewModel;
			sourceTree = "<group>";
		};
/* End PBXGroup section */

/* Begin PBXNativeTarget section */
		3BBD45092B89DDAB004A445C /* ShootingLicenseExam */ = {
			isa = PBXNativeTarget;
			buildConfigurationList = 3BBD45182B89DDAC004A445C /* Build configuration list for PBXNativeTarget "ShootingLicenseExam" */;
			buildPhases = (
				3BBD45062B89DDAB004A445C /* Sources */,
				3BBD45072B89DDAB004A445C /* Frameworks */,
				3BBD45082B89DDAB004A445C /* Resources */,
			);
			buildRules = (
			);
			dependencies = (
			);
			name = ShootingLicenseExam;
			productName = ShootingLicenseExam;
			productReference = 3BBD450A2B89DDAB004A445C /* ShootingLicenseExam.app */;
			productType = "com.apple.product-type.application";
		};
/* End PBXNativeTarget section */

/* Begin PBXProject section */
		3BBD45022B89DDAA004A445C /* Project object */ = {
			isa = PBXProject;
			attributes = {
				BuildIndependentTargetsInParallel = 1;
				LastSwiftUpdateCheck = 1500;
				LastUpgradeCheck = 1500;
				TargetAttributes = {
					3BBD45092B89DDAB004A445C = {
						CreatedOnToolsVersion = 15.0.1;
					};
				};
			};
			buildConfigurationList = 3BBD45052B89DDAA004A445C /* Build configuration list for PBXProject "ShootingLicenseExam" */;
			compatibilityVersion = "Xcode 14.0";
			developmentRegion = en;
			hasScannedForEncodings = 0;
			knownRegions = (
				en,
				Base,
			);
			mainGroup = 3BBD45012B89DDAA004A445C;
			productRefGroup = 3BBD450B2B89DDAB004A445C /* Products */;
			projectDirPath = "";
			projectRoot = "";
			targets = (
				3BBD45092B89DDAB004A445C /* ShootingLicenseExam */,
			);
		};
/* End PBXProject section */

/* Begin PBXResourcesBuildPhase section */
		3BBD45082B89DDAB004A445C /* Resources */ = {
			isa = PBXResourcesBuildPhase;
			buildActionMask = 2147483647;
			files = (
				3BF46C392B8A11F800E853C8 /* data.tsv in Resources */,
				3BBD45152B89DDAC004A445C /* Preview Assets.xcassets in Resources */,
				3BBD45122B89DDAC004A445C /* Assets.xcassets in Resources */,
			);
			runOnlyForDeploymentPostprocessing = 0;
		};
/* End PBXResourcesBuildPhase section */

/* Begin PBXSourcesBuildPhase section */
		3BBD45062B89DDAB004A445C /* Sources */ = {
			isa = PBXSourcesBuildPhase;
			buildActionMask = 2147483647;
			files = (
				3BF46C462B8A5DFF00E853C8 /* DetailResultView.swift in Sources */,
				3BF46C2D2B8A11A200E853C8 /* ExamModel.swift in Sources */,
				3BF46C3E2B8A1B1900E853C8 /* ResultViewModel.swift in Sources */,
				3BBD45102B89DDAB004A445C /* ContentView.swift in Sources */,
				3BBD450E2B89DDAB004A445C /* ShootingLicenseExamApp.swift in Sources */,
				3BF46C312B8A11AD00E853C8 /* UserAnswerModel.swift in Sources */,
				3BF46C2F2B8A11A700E853C8 /* QuestionModel.swift in Sources */,
				3BF46C3C2B8A1AF000E853C8 /* ResultView.swift in Sources */,
				3BF46C372B8A11C800E853C8 /* ExamViewModel.swift in Sources */,
				3BF46C402B8A239D00E853C8 /* ResultModel.swift in Sources */,
				3BF46C342B8A11BE00E853C8 /* ExamView.swift in Sources */,
			);
			runOnlyForDeploymentPostprocessing = 0;
		};
/* End PBXSourcesBuildPhase section */

/* Begin XCBuildConfiguration section */
		3BBD45162B89DDAC004A445C /* Debug */ = {
			isa = XCBuildConfiguration;
			buildSettings = {
				ALWAYS_SEARCH_USER_PATHS = NO;
				ASSETCATALOG_COMPILER_GENERATE_SWIFT_ASSET_SYMBOL_EXTENSIONS = YES;
				CLANG_ANALYZER_NONNULL = YES;
				CLANG_ANALYZER_NUMBER_OBJECT_CONVERSION = YES_AGGRESSIVE;
				CLANG_CXX_LANGUAGE_STANDARD = "gnu++20";
				CLANG_ENABLE_MODULES = YES;
				CLANG_ENABLE_OBJC_ARC = YES;
				CLANG_ENABLE_OBJC_WEAK = YES;
				CLANG_WARN_BLOCK_CAPTURE_AUTORELEASING = YES;
				CLANG_WARN_BOOL_CONVERSION = YES;
				CLANG_WARN_COMMA = YES;
				CLANG_WARN_CONSTANT_CONVERSION = YES;
				CLANG_WARN_DEPRECATED_OBJC_IMPLEMENTATIONS = YES;
				CLANG_WARN_DIRECT_OBJC_ISA_USAGE = YES_ERROR;
				CLANG_WARN_DOCUMENTATION_COMMENTS = YES;
				CLANG_WARN_EMPTY_BODY = YES;
				CLANG_WARN_ENUM_CONVERSION = YES;
				CLANG_WARN_INFINITE_RECURSION = YES;
				CLANG_WARN_INT_CONVERSION = YES;
				CLANG_WARN_NON_LITERAL_NULL_CONVERSION = YES;
				CLANG_WARN_OBJC_IMPLICIT_RETAIN_SELF = YES;
				CLANG_WARN_OBJC_LITERAL_CONVERSION = YES;
				CLANG_WARN_OBJC_ROOT_CLASS = YES_ERROR;
				CLANG_WARN_QUOTED_INCLUDE_IN_FRAMEWORK_HEADER = YES;
				CLANG_WARN_RANGE_LOOP_ANALYSIS = YES;
				CLANG_WARN_STRICT_PROTOTYPES = YES;
				CLANG_WARN_SUSPICIOUS_MOVE = YES;
				CLANG_WARN_UNGUARDED_AVAILABILITY = YES_AGGRESSIVE;
				CLANG_WARN_UNREACHABLE_CODE = YES;
				CLANG_WARN__DUPLICATE_METHOD_MATCH = YES;
				COPY_PHASE_STRIP = NO;
				DEBUG_INFORMATION_FORMAT = dwarf;
				ENABLE_STRICT_OBJC_MSGSEND = YES;
				ENABLE_TESTABILITY = YES;
				ENABLE_USER_SCRIPT_SANDBOXING = YES;
				GCC_C_LANGUAGE_STANDARD = gnu17;
				GCC_DYNAMIC_NO_PIC = NO;
				GCC_NO_COMMON_BLOCKS = YES;
				GCC_OPTIMIZATION_LEVEL = 0;
				GCC_PREPROCESSOR_DEFINITIONS = (
					"DEBUG=1",
					"$(inherited)",
				);
				GCC_WARN_64_TO_32_BIT_CONVERSION = YES;
				GCC_WARN_ABOUT_RETURN_TYPE = YES_ERROR;
				GCC_WARN_UNDECLARED_SELECTOR = YES;
				GCC_WARN_UNINITIALIZED_AUTOS = YES_AGGRESSIVE;
				GCC_WARN_UNUSED_FUNCTION = YES;
				GCC_WARN_UNUSED_VARIABLE = YES;
				IPHONEOS_DEPLOYMENT_TARGET = 17.0;
				LOCALIZATION_PREFERS_STRING_CATALOGS = YES;
				MTL_ENABLE_DEBUG_INFO = INCLUDE_SOURCE;
				MTL_FAST_MATH = YES;
				ONLY_ACTIVE_ARCH = YES;
				SDKROOT = iphoneos;
				SWIFT_ACTIVE_COMPILATION_CONDITIONS = "DEBUG $(inherited)";
				SWIFT_OPTIMIZATION_LEVEL = "-Onone";
			};
			name = Debug;
		};
		3BBD45172B89DDAC004A445C /* Release */ = {
			isa = XCBuildConfiguration;
			buildSettings = {
				ALWAYS_SEARCH_USER_PATHS = NO;
				ASSETCATALOG_COMPILER_GENERATE_SWIFT_ASSET_SYMBOL_EXTENSIONS = YES;
				CLANG_ANALYZER_NONNULL = YES;
				CLANG_ANALYZER_NUMBER_OBJECT_CONVERSION = YES_AGGRESSIVE;
				CLANG_CXX_LANGUAGE_STANDARD = "gnu++20";
				CLANG_ENABLE_MODULES = YES;
				CLANG_ENABLE_OBJC_ARC = YES;
				CLANG_ENABLE_OBJC_WEAK = YES;
				CLANG_WARN_BLOCK_CAPTURE_AUTORELEASING = YES;
				CLANG_WARN_BOOL_CONVERSION = YES;
				CLANG_WARN_COMMA = YES;
				CLANG_WARN_CONSTANT_CONVERSION = YES;
				CLANG_WARN_DEPRECATED_OBJC_IMPLEMENTATIONS = YES;
				CLANG_WARN_DIRECT_OBJC_ISA_USAGE = YES_ERROR;
				CLANG_WARN_DOCUMENTATION_COMMENTS = YES;
				CLANG_WARN_EMPTY_BODY = YES;
				CLANG_WARN_ENUM_CONVERSION = YES;
				CLANG_WARN_INFINITE_RECURSION = YES;
				CLANG_WARN_INT_CONVERSION = YES;
				CLANG_WARN_NON_LITERAL_NULL_CONVERSION = YES;
				CLANG_WARN_OBJC_IMPLICIT_RETAIN_SELF = YES;
				CLANG_WARN_OBJC_LITERAL_CONVERSION = YES;
				CLANG_WARN_OBJC_ROOT_CLASS = YES_ERROR;
				CLANG_WARN_QUOTED_INCLUDE_IN_FRAMEWORK_HEADER = YES;
				CLANG_WARN_RANGE_LOOP_ANALYSIS = YES;
				CLANG_WARN_STRICT_PROTOTYPES = YES;
				CLANG_WARN_SUSPICIOUS_MOVE = YES;
				CLANG_WARN_UNGUARDED_AVAILABILITY = YES_AGGRESSIVE;
				CLANG_WARN_UNREACHABLE_CODE = YES;
				CLANG_WARN__DUPLICATE_METHOD_MATCH = YES;
				COPY_PHASE_STRIP = NO;
				DEBUG_INFORMATION_FORMAT = "dwarf-with-dsym";
				ENABLE_NS_ASSERTIONS = NO;
				ENABLE_STRICT_OBJC_MSGSEND = YES;
				ENABLE_USER_SCRIPT_SANDBOXING = YES;
				GCC_C_LANGUAGE_STANDARD = gnu17;
				GCC_NO_COMMON_BLOCKS = YES;
				GCC_WARN_64_TO_32_BIT_CONVERSION = YES;
				GCC_WARN_ABOUT_RETURN_TYPE = YES_ERROR;
				GCC_WARN_UNDECLARED_SELECTOR = YES;
				GCC_WARN_UNINITIALIZED_AUTOS = YES_AGGRESSIVE;
				GCC_WARN_UNUSED_FUNCTION = YES;
				GCC_WARN_UNUSED_VARIABLE = YES;
				IPHONEOS_DEPLOYMENT_TARGET = 17.0;
				LOCALIZATION_PREFERS_STRING_CATALOGS = YES;
				MTL_ENABLE_DEBUG_INFO = NO;
				MTL_FAST_MATH = YES;
				SDKROOT = iphoneos;
				SWIFT_COMPILATION_MODE = wholemodule;
				VALIDATE_PRODUCT = YES;
			};
			name = Release;
		};
		3BBD45192B89DDAC004A445C /* Debug */ = {
			isa = XCBuildConfiguration;
			buildSettings = {
				ASSETCATALOG_COMPILER_APPICON_NAME = AppIcon;
				ASSETCATALOG_COMPILER_GLOBAL_ACCENT_COLOR_NAME = AccentColor;
				CODE_SIGN_STYLE = Automatic;
				CURRENT_PROJECT_VERSION = 1;
				DEVELOPMENT_ASSET_PATHS = "\"ShootingLicenseExam/Preview Content\"";
				DEVELOPMENT_TEAM = TUS4ATZ2VG;
				ENABLE_PREVIEWS = YES;
				GENERATE_INFOPLIST_FILE = YES;
				INFOPLIST_FILE = ShootingLicenseExam/Info.plist;
				INFOPLIST_KEY_UIApplicationSceneManifest_Generation = YES;
				INFOPLIST_KEY_UIApplicationSupportsIndirectInputEvents = YES;
				INFOPLIST_KEY_UILaunchScreen_Generation = YES;
				INFOPLIST_KEY_UISupportedInterfaceOrientations_iPad = "UIInterfaceOrientationPortrait UIInterfaceOrientationPortraitUpsideDown UIInterfaceOrientationLandscapeLeft UIInterfaceOrientationLandscapeRight";
				INFOPLIST_KEY_UISupportedInterfaceOrientations_iPhone = "UIInterfaceOrientationPortrait UIInterfaceOrientationLandscapeLeft UIInterfaceOrientationLandscapeRight";
				LD_RUNPATH_SEARCH_PATHS = (
					"$(inherited)",
					"@executable_path/Frameworks",
				);
				MARKETING_VERSION = 1.0;
				PRODUCT_BUNDLE_IDENTIFIER = com.james.ShootingLicenseExam;
				PRODUCT_NAME = "$(TARGET_NAME)";
				SWIFT_EMIT_LOC_STRINGS = YES;
				SWIFT_VERSION = 5.0;
				TARGETED_DEVICE_FAMILY = "1,2";
			};
			name = Debug;
		};
		3BBD451A2B89DDAC004A445C /* Release */ = {
			isa = XCBuildConfiguration;
			buildSettings = {
				ASSETCATALOG_COMPILER_APPICON_NAME = AppIcon;
				ASSETCATALOG_COMPILER_GLOBAL_ACCENT_COLOR_NAME = AccentColor;
				CODE_SIGN_STYLE = Automatic;
				CURRENT_PROJECT_VERSION = 1;
				DEVELOPMENT_ASSET_PATHS = "\"ShootingLicenseExam/Preview Content\"";
				DEVELOPMENT_TEAM = TUS4ATZ2VG;
				ENABLE_PREVIEWS = YES;
				GENERATE_INFOPLIST_FILE = YES;
				INFOPLIST_FILE = ShootingLicenseExam/Info.plist;
				INFOPLIST_KEY_UIApplicationSceneManifest_Generation = YES;
				INFOPLIST_KEY_UIApplicationSupportsIndirectInputEvents = YES;
				INFOPLIST_KEY_UILaunchScreen_Generation = YES;
				INFOPLIST_KEY_UISupportedInterfaceOrientations_iPad = "UIInterfaceOrientationPortrait UIInterfaceOrientationPortraitUpsideDown UIInterfaceOrientationLandscapeLeft UIInterfaceOrientationLandscapeRight";
				INFOPLIST_KEY_UISupportedInterfaceOrientations_iPhone = "UIInterfaceOrientationPortrait UIInterfaceOrientationLandscapeLeft UIInterfaceOrientationLandscapeRight";
				LD_RUNPATH_SEARCH_PATHS = (
					"$(inherited)",
					"@executable_path/Frameworks",
				);
				MARKETING_VERSION = 1.0;
				PRODUCT_BUNDLE_IDENTIFIER = com.james.ShootingLicenseExam;
				PRODUCT_NAME = "$(TARGET_NAME)";
				SWIFT_EMIT_LOC_STRINGS = YES;
				SWIFT_VERSION = 5.0;
				TARGETED_DEVICE_FAMILY = "1,2";
			};
			name = Release;
		};
/* End XCBuildConfiguration section */

/* Begin XCConfigurationList section */
		3BBD45052B89DDAA004A445C /* Build configuration list for PBXProject "ShootingLicenseExam" */ = {
			isa = XCConfigurationList;
			buildConfigurations = (
				3BBD45162B89DDAC004A445C /* Debug */,
				3BBD45172B89DDAC004A445C /* Release */,
			);
			defaultConfigurationIsVisible = 0;
			defaultConfigurationName = Release;
		};
		3BBD45182B89DDAC004A445C /* Build configuration list for PBXNativeTarget "ShootingLicenseExam" */ = {
			isa = XCConfigurationList;
			buildConfigurations = (
				3BBD45192B89DDAC004A445C /* Debug */,
				3BBD451A2B89DDAC004A445C /* Release */,
			);
			defaultConfigurationIsVisible = 0;
			defaultConfigurationName = Release;
		};
/* End XCConfigurationList section */
	};
	rootObject = 3BBD45022B89DDAA004A445C /* Project object */;
}
